// !$*UTF8*$!
{
	archiveVersion = 1;
	classes = {
	};
	objectVersion = 46;
	objects = {

/* Begin PBXBuildFile section */
		AB544AF315C25DD100B0B1CF /* UIKit.framework in Frameworks */ = {isa = PBXBuildFile; fileRef = AB544AF215C25DD100B0B1CF /* UIKit.framework */; };
		AB544AF515C25DD100B0B1CF /* Foundation.framework in Frameworks */ = {isa = PBXBuildFile; fileRef = AB544AF415C25DD100B0B1CF /* Foundation.framework */; };
		AB544AF715C25DD100B0B1CF /* CoreGraphics.framework in Frameworks */ = {isa = PBXBuildFile; fileRef = AB544AF615C25DD100B0B1CF /* CoreGraphics.framework */; };
		AB544AFD15C25DD100B0B1CF /* InfoPlist.strings in Resources */ = {isa = PBXBuildFile; fileRef = AB544AFB15C25DD100B0B1CF /* InfoPlist.strings */; };
		AB544AFF15C25DD100B0B1CF /* main.m in Sources */ = {isa = PBXBuildFile; fileRef = AB544AFE15C25DD100B0B1CF /* main.m */; };
		AB544B0315C25DD100B0B1CF /* MKAppDelegate.m in Sources */ = {isa = PBXBuildFile; fileRef = AB544B0215C25DD100B0B1CF /* MKAppDelegate.m */; };
		AB544B0615C25DD100B0B1CF /* MainStoryboard.storyboard in Resources */ = {isa = PBXBuildFile; fileRef = AB544B0415C25DD100B0B1CF /* MainStoryboard.storyboard */; };
		AB544B0915C25DD100B0B1CF /* MKViewController.m in Sources */ = {isa = PBXBuildFile; fileRef = AB544B0815C25DD100B0B1CF /* MKViewController.m */; };
		AB544B1415C25DF800B0B1CF /* MKObject.m in Sources */ = {isa = PBXBuildFile; fileRef = AB544B1115C25DF800B0B1CF /* MKObject.m */; };
		AB544B2615C25E0B00B0B1CF /* DDXMLElementAdditions.m in Sources */ = {isa = PBXBuildFile; fileRef = AB544B1915C25E0B00B0B1CF /* DDXMLElementAdditions.m */; };
		AB544B2715C25E0B00B0B1CF /* NSString+DDXML.m in Sources */ = {isa = PBXBuildFile; fileRef = AB544B1C15C25E0B00B0B1CF /* NSString+DDXML.m */; };
		AB544B2815C25E0B00B0B1CF /* DDXMLDocument.m in Sources */ = {isa = PBXBuildFile; fileRef = AB544B1F15C25E0B00B0B1CF /* DDXMLDocument.m */; };
		AB544B2915C25E0B00B0B1CF /* DDXMLElement.m in Sources */ = {isa = PBXBuildFile; fileRef = AB544B2115C25E0B00B0B1CF /* DDXMLElement.m */; };
		AB544B2A15C25E0B00B0B1CF /* DDXMLNode.m in Sources */ = {isa = PBXBuildFile; fileRef = AB544B2315C25E0B00B0B1CF /* DDXMLNode.m */; };
		AB544B2C15C25E5F00B0B1CF /* libxml2.dylib in Frameworks */ = {isa = PBXBuildFile; fileRef = AB544B2B15C25E5F00B0B1CF /* libxml2.dylib */; };
		AB544B3715C2624300B0B1CF /* MKObject+XMLExtensions.m in Sources */ = {isa = PBXBuildFile; fileRef = AB544B3615C2624300B0B1CF /* MKObject+XMLExtensions.m */; };
		AB544B3A15C2644600B0B1CF /* MKObject+ParseExtensions.m in Sources */ = {isa = PBXBuildFile; fileRef = AB544B3915C2644600B0B1CF /* MKObject+ParseExtensions.m */; };
		AB544B3C15C264A000B0B1CF /* Parse.framework in Frameworks */ = {isa = PBXBuildFile; fileRef = AB544B3B15C264A000B0B1CF /* Parse.framework */; };
		AB544B3E15C264ED00B0B1CF /* AudioToolbox.framework in Frameworks */ = {isa = PBXBuildFile; fileRef = AB544B3D15C264ED00B0B1CF /* AudioToolbox.framework */; };
		AB544B4015C264F100B0B1CF /* MobileCoreServices.framework in Frameworks */ = {isa = PBXBuildFile; fileRef = AB544B3F15C264F100B0B1CF /* MobileCoreServices.framework */; };
		AB544B4215C264F800B0B1CF /* SystemConfiguration.framework in Frameworks */ = {isa = PBXBuildFile; fileRef = AB544B4115C264F800B0B1CF /* SystemConfiguration.framework */; };
		AB544B4415C264FC00B0B1CF /* Security.framework in Frameworks */ = {isa = PBXBuildFile; fileRef = AB544B4315C264FC00B0B1CF /* Security.framework */; };
		AB544B4615C2650400B0B1CF /* CFNetwork.framework in Frameworks */ = {isa = PBXBuildFile; fileRef = AB544B4515C2650400B0B1CF /* CFNetwork.framework */; };
		AB544B4B15C2656900B0B1CF /* TestLeaf.m in Sources */ = {isa = PBXBuildFile; fileRef = AB544B4815C2656800B0B1CF /* TestLeaf.m */; };
		AB544B4C15C2656900B0B1CF /* TestNode.m in Sources */ = {isa = PBXBuildFile; fileRef = AB544B4A15C2656900B0B1CF /* TestNode.m */; };
/* End PBXBuildFile section */

/* Begin PBXFileReference section */
		AB544AEE15C25DD100B0B1CF /* MKFoundation.app */ = {isa = PBXFileReference; explicitFileType = wrapper.application; includeInIndex = 0; path = MKFoundation.app; sourceTree = BUILT_PRODUCTS_DIR; };
		AB544AF215C25DD100B0B1CF /* UIKit.framework */ = {isa = PBXFileReference; lastKnownFileType = wrapper.framework; name = UIKit.framework; path = System/Library/Frameworks/UIKit.framework; sourceTree = SDKROOT; };
		AB544AF415C25DD100B0B1CF /* Foundation.framework */ = {isa = PBXFileReference; lastKnownFileType = wrapper.framework; name = Foundation.framework; path = System/Library/Frameworks/Foundation.framework; sourceTree = SDKROOT; };
		AB544AF615C25DD100B0B1CF /* CoreGraphics.framework */ = {isa = PBXFileReference; lastKnownFileType = wrapper.framework; name = CoreGraphics.framework; path = System/Library/Frameworks/CoreGraphics.framework; sourceTree = SDKROOT; };
		AB544AFA15C25DD100B0B1CF /* MKFoundation-Info.plist */ = {isa = PBXFileReference; lastKnownFileType = text.plist.xml; path = "MKFoundation-Info.plist"; sourceTree = "<group>"; };
		AB544AFC15C25DD100B0B1CF /* en */ = {isa = PBXFileReference; lastKnownFileType = text.plist.strings; name = en; path = en.lproj/InfoPlist.strings; sourceTree = "<group>"; };
		AB544AFE15C25DD100B0B1CF /* main.m */ = {isa = PBXFileReference; lastKnownFileType = sourcecode.c.objc; path = main.m; sourceTree = "<group>"; };
		AB544B0015C25DD100B0B1CF /* MKFoundation-Prefix.pch */ = {isa = PBXFileReference; lastKnownFileType = sourcecode.c.h; path = "MKFoundation-Prefix.pch"; sourceTree = "<group>"; };
		AB544B0115C25DD100B0B1CF /* MKAppDelegate.h */ = {isa = PBXFileReference; lastKnownFileType = sourcecode.c.h; path = MKAppDelegate.h; sourceTree = "<group>"; };
		AB544B0215C25DD100B0B1CF /* MKAppDelegate.m */ = {isa = PBXFileReference; lastKnownFileType = sourcecode.c.objc; path = MKAppDelegate.m; sourceTree = "<group>"; };
		AB544B0515C25DD100B0B1CF /* en */ = {isa = PBXFileReference; lastKnownFileType = file.storyboard; name = en; path = en.lproj/MainStoryboard.storyboard; sourceTree = "<group>"; };
		AB544B0715C25DD100B0B1CF /* MKViewController.h */ = {isa = PBXFileReference; lastKnownFileType = sourcecode.c.h; path = MKViewController.h; sourceTree = "<group>"; };
		AB544B0815C25DD100B0B1CF /* MKViewController.m */ = {isa = PBXFileReference; lastKnownFileType = sourcecode.c.objc; path = MKViewController.m; sourceTree = "<group>"; };
		AB544B1015C25DF800B0B1CF /* MKObject.h */ = {isa = PBXFileReference; fileEncoding = 4; lastKnownFileType = sourcecode.c.h; path = MKObject.h; sourceTree = "<group>"; };
		AB544B1115C25DF800B0B1CF /* MKObject.m */ = {isa = PBXFileReference; fileEncoding = 4; lastKnownFileType = sourcecode.c.objc; path = MKObject.m; sourceTree = "<group>"; };
		AB544B1815C25E0B00B0B1CF /* DDXMLElementAdditions.h */ = {isa = PBXFileReference; fileEncoding = 4; lastKnownFileType = sourcecode.c.h; path = DDXMLElementAdditions.h; sourceTree = "<group>"; };
		AB544B1915C25E0B00B0B1CF /* DDXMLElementAdditions.m */ = {isa = PBXFileReference; fileEncoding = 4; lastKnownFileType = sourcecode.c.objc; path = DDXMLElementAdditions.m; sourceTree = "<group>"; };
		AB544B1B15C25E0B00B0B1CF /* NSString+DDXML.h */ = {isa = PBXFileReference; fileEncoding = 4; lastKnownFileType = sourcecode.c.h; path = "NSString+DDXML.h"; sourceTree = "<group>"; };
		AB544B1C15C25E0B00B0B1CF /* NSString+DDXML.m */ = {isa = PBXFileReference; fileEncoding = 4; lastKnownFileType = sourcecode.c.objc; path = "NSString+DDXML.m"; sourceTree = "<group>"; };
		AB544B1D15C25E0B00B0B1CF /* DDXML.h */ = {isa = PBXFileReference; fileEncoding = 4; lastKnownFileType = sourcecode.c.h; path = DDXML.h; sourceTree = "<group>"; };
		AB544B1E15C25E0B00B0B1CF /* DDXMLDocument.h */ = {isa = PBXFileReference; fileEncoding = 4; lastKnownFileType = sourcecode.c.h; path = DDXMLDocument.h; sourceTree = "<group>"; };
		AB544B1F15C25E0B00B0B1CF /* DDXMLDocument.m */ = {isa = PBXFileReference; fileEncoding = 4; lastKnownFileType = sourcecode.c.objc; path = DDXMLDocument.m; sourceTree = "<group>"; };
		AB544B2015C25E0B00B0B1CF /* DDXMLElement.h */ = {isa = PBXFileReference; fileEncoding = 4; lastKnownFileType = sourcecode.c.h; path = DDXMLElement.h; sourceTree = "<group>"; };
		AB544B2115C25E0B00B0B1CF /* DDXMLElement.m */ = {isa = PBXFileReference; fileEncoding = 4; lastKnownFileType = sourcecode.c.objc; path = DDXMLElement.m; sourceTree = "<group>"; };
		AB544B2215C25E0B00B0B1CF /* DDXMLNode.h */ = {isa = PBXFileReference; fileEncoding = 4; lastKnownFileType = sourcecode.c.h; path = DDXMLNode.h; sourceTree = "<group>"; };
		AB544B2315C25E0B00B0B1CF /* DDXMLNode.m */ = {isa = PBXFileReference; fileEncoding = 4; lastKnownFileType = sourcecode.c.objc; path = DDXMLNode.m; sourceTree = "<group>"; };
		AB544B2515C25E0B00B0B1CF /* DDXMLPrivate.h */ = {isa = PBXFileReference; fileEncoding = 4; lastKnownFileType = sourcecode.c.h; path = DDXMLPrivate.h; sourceTree = "<group>"; };
		AB544B2B15C25E5F00B0B1CF /* libxml2.dylib */ = {isa = PBXFileReference; lastKnownFileType = "compiled.mach-o.dylib"; name = libxml2.dylib; path = usr/lib/libxml2.dylib; sourceTree = SDKROOT; };
		AB544B3515C2624300B0B1CF /* MKObject+XMLExtensions.h */ = {isa = PBXFileReference; fileEncoding = 4; lastKnownFileType = sourcecode.c.h; path = "MKObject+XMLExtensions.h"; sourceTree = "<group>"; };
		AB544B3615C2624300B0B1CF /* MKObject+XMLExtensions.m */ = {isa = PBXFileReference; fileEncoding = 4; lastKnownFileType = sourcecode.c.objc; path = "MKObject+XMLExtensions.m"; sourceTree = "<group>"; };
		AB544B3815C2644600B0B1CF /* MKObject+ParseExtensions.h */ = {isa = PBXFileReference; fileEncoding = 4; lastKnownFileType = sourcecode.c.h; path = "MKObject+ParseExtensions.h"; sourceTree = "<group>"; };
		AB544B3915C2644600B0B1CF /* MKObject+ParseExtensions.m */ = {isa = PBXFileReference; fileEncoding = 4; lastKnownFileType = sourcecode.c.objc; path = "MKObject+ParseExtensions.m"; sourceTree = "<group>"; };
		AB544B3B15C264A000B0B1CF /* Parse.framework */ = {isa = PBXFileReference; lastKnownFileType = wrapper.framework; path = Parse.framework; sourceTree = "<group>"; };
		AB544B3D15C264ED00B0B1CF /* AudioToolbox.framework */ = {isa = PBXFileReference; lastKnownFileType = wrapper.framework; name = AudioToolbox.framework; path = System/Library/Frameworks/AudioToolbox.framework; sourceTree = SDKROOT; };
		AB544B3F15C264F100B0B1CF /* MobileCoreServices.framework */ = {isa = PBXFileReference; lastKnownFileType = wrapper.framework; name = MobileCoreServices.framework; path = System/Library/Frameworks/MobileCoreServices.framework; sourceTree = SDKROOT; };
		AB544B4115C264F800B0B1CF /* SystemConfiguration.framework */ = {isa = PBXFileReference; lastKnownFileType = wrapper.framework; name = SystemConfiguration.framework; path = System/Library/Frameworks/SystemConfiguration.framework; sourceTree = SDKROOT; };
		AB544B4315C264FC00B0B1CF /* Security.framework */ = {isa = PBXFileReference; lastKnownFileType = wrapper.framework; name = Security.framework; path = System/Library/Frameworks/Security.framework; sourceTree = SDKROOT; };
		AB544B4515C2650400B0B1CF /* CFNetwork.framework */ = {isa = PBXFileReference; lastKnownFileType = wrapper.framework; name = CFNetwork.framework; path = System/Library/Frameworks/CFNetwork.framework; sourceTree = SDKROOT; };
		AB544B4715C2656800B0B1CF /* TestLeaf.h */ = {isa = PBXFileReference; fileEncoding = 4; lastKnownFileType = sourcecode.c.h; path = TestLeaf.h; sourceTree = "<group>"; };
		AB544B4815C2656800B0B1CF /* TestLeaf.m */ = {isa = PBXFileReference; fileEncoding = 4; lastKnownFileType = sourcecode.c.objc; path = TestLeaf.m; sourceTree = "<group>"; };
		AB544B4915C2656800B0B1CF /* TestNode.h */ = {isa = PBXFileReference; fileEncoding = 4; lastKnownFileType = sourcecode.c.h; path = TestNode.h; sourceTree = "<group>"; };
		AB544B4A15C2656900B0B1CF /* TestNode.m */ = {isa = PBXFileReference; fileEncoding = 4; lastKnownFileType = sourcecode.c.objc; path = TestNode.m; sourceTree = "<group>"; };
/* End PBXFileReference section */

/* Begin PBXFrameworksBuildPhase section */
		AB544AEB15C25DD100B0B1CF /* Frameworks */ = {
			isa = PBXFrameworksBuildPhase;
			buildActionMask = 2147483647;
			files = (
				AB544B4615C2650400B0B1CF /* CFNetwork.framework in Frameworks */,
				AB544B4415C264FC00B0B1CF /* Security.framework in Frameworks */,
				AB544B4215C264F800B0B1CF /* SystemConfiguration.framework in Frameworks */,
				AB544B4015C264F100B0B1CF /* MobileCoreServices.framework in Frameworks */,
				AB544B3E15C264ED00B0B1CF /* AudioToolbox.framework in Frameworks */,
				AB544B2C15C25E5F00B0B1CF /* libxml2.dylib in Frameworks */,
				AB544AF315C25DD100B0B1CF /* UIKit.framework in Frameworks */,
				AB544AF515C25DD100B0B1CF /* Foundation.framework in Frameworks */,
				AB544AF715C25DD100B0B1CF /* CoreGraphics.framework in Frameworks */,
				AB544B3C15C264A000B0B1CF /* Parse.framework in Frameworks */,
			);
			runOnlyForDeploymentPostprocessing = 0;
		};
/* End PBXFrameworksBuildPhase section */

/* Begin PBXGroup section */
		AB544AE315C25DD100B0B1CF = {
			isa = PBXGroup;
			children = (
				AB544B1615C25E0B00B0B1CF /* KissXML */,
				AB544B0F15C25DED00B0B1CF /* Classes */,
				AB544AF815C25DD100B0B1CF /* MKFoundation */,
				AB544AF115C25DD100B0B1CF /* Frameworks */,
				AB544AEF15C25DD100B0B1CF /* Products */,
			);
			sourceTree = "<group>";
		};
		AB544AEF15C25DD100B0B1CF /* Products */ = {
			isa = PBXGroup;
			children = (
				AB544AEE15C25DD100B0B1CF /* MKFoundation.app */,
			);
			name = Products;
			sourceTree = "<group>";
		};
		AB544AF115C25DD100B0B1CF /* Frameworks */ = {
			isa = PBXGroup;
			children = (
				AB544B4515C2650400B0B1CF /* CFNetwork.framework */,
				AB544B4315C264FC00B0B1CF /* Security.framework */,
				AB544B4115C264F800B0B1CF /* SystemConfiguration.framework */,
				AB544B3F15C264F100B0B1CF /* MobileCoreServices.framework */,
				AB544B3D15C264ED00B0B1CF /* AudioToolbox.framework */,
				AB544B3B15C264A000B0B1CF /* Parse.framework */,
				AB544B2B15C25E5F00B0B1CF /* libxml2.dylib */,
				AB544AF215C25DD100B0B1CF /* UIKit.framework */,
				AB544AF415C25DD100B0B1CF /* Foundation.framework */,
				AB544AF615C25DD100B0B1CF /* CoreGraphics.framework */,
			);
			name = Frameworks;
			sourceTree = "<group>";
		};
		AB544AF815C25DD100B0B1CF /* MKFoundation */ = {
			isa = PBXGroup;
			children = (
				AB544B0115C25DD100B0B1CF /* MKAppDelegate.h */,
				AB544B0215C25DD100B0B1CF /* MKAppDelegate.m */,
				AB544B0415C25DD100B0B1CF /* MainStoryboard.storyboard */,
				AB544B0715C25DD100B0B1CF /* MKViewController.h */,
				AB544B0815C25DD100B0B1CF /* MKViewController.m */,
				AB544AF915C25DD100B0B1CF /* Supporting Files */,
			);
			path = MKFoundation;
			sourceTree = "<group>";
		};
		AB544AF915C25DD100B0B1CF /* Supporting Files */ = {
			isa = PBXGroup;
			children = (
				AB544AFA15C25DD100B0B1CF /* MKFoundation-Info.plist */,
				AB544AFB15C25DD100B0B1CF /* InfoPlist.strings */,
				AB544AFE15C25DD100B0B1CF /* main.m */,
				AB544B0015C25DD100B0B1CF /* MKFoundation-Prefix.pch */,
			);
			name = "Supporting Files";
			sourceTree = "<group>";
		};
		AB544B0F15C25DED00B0B1CF /* Classes */ = {
			isa = PBXGroup;
			children = (
				AB544B4715C2656800B0B1CF /* TestLeaf.h */,
				AB544B4815C2656800B0B1CF /* TestLeaf.m */,
				AB544B4915C2656800B0B1CF /* TestNode.h */,
				AB544B4A15C2656900B0B1CF /* TestNode.m */,
				AB544B1015C25DF800B0B1CF /* MKObject.h */,
				AB544B1115C25DF800B0B1CF /* MKObject.m */,
				AB544B3815C2644600B0B1CF /* MKObject+ParseExtensions.h */,
				AB544B3915C2644600B0B1CF /* MKObject+ParseExtensions.m */,
				AB544B3515C2624300B0B1CF /* MKObject+XMLExtensions.h */,
				AB544B3615C2624300B0B1CF /* MKObject+XMLExtensions.m */,
			);
			name = Classes;
			path = MKFoundation/Classes;
			sourceTree = "<group>";
		};
		AB544B1615C25E0B00B0B1CF /* KissXML */ = {
			isa = PBXGroup;
			children = (
				AB544B1715C25E0B00B0B1CF /* Additions */,
				AB544B1A15C25E0B00B0B1CF /* Categories */,
				AB544B1D15C25E0B00B0B1CF /* DDXML.h */,
				AB544B1E15C25E0B00B0B1CF /* DDXMLDocument.h */,
				AB544B1F15C25E0B00B0B1CF /* DDXMLDocument.m */,
				AB544B2015C25E0B00B0B1CF /* DDXMLElement.h */,
				AB544B2115C25E0B00B0B1CF /* DDXMLElement.m */,
				AB544B2215C25E0B00B0B1CF /* DDXMLNode.h */,
				AB544B2315C25E0B00B0B1CF /* DDXMLNode.m */,
				AB544B2415C25E0B00B0B1CF /* Private */,
			);
			path = KissXML;
			sourceTree = "<group>";
		};
		AB544B1715C25E0B00B0B1CF /* Additions */ = {
			isa = PBXGroup;
			children = (
				AB544B1815C25E0B00B0B1CF /* DDXMLElementAdditions.h */,
				AB544B1915C25E0B00B0B1CF /* DDXMLElementAdditions.m */,
			);
			path = Additions;
			sourceTree = "<group>";
		};
		AB544B1A15C25E0B00B0B1CF /* Categories */ = {
			isa = PBXGroup;
			children = (
				AB544B1B15C25E0B00B0B1CF /* NSString+DDXML.h */,
				AB544B1C15C25E0B00B0B1CF /* NSString+DDXML.m */,
			);
			path = Categories;
			sourceTree = "<group>";
		};
		AB544B2415C25E0B00B0B1CF /* Private */ = {
			isa = PBXGroup;
			children = (
				AB544B2515C25E0B00B0B1CF /* DDXMLPrivate.h */,
			);
			path = Private;
			sourceTree = "<group>";
		};
/* End PBXGroup section */

/* Begin PBXNativeTarget section */
		AB544AED15C25DD100B0B1CF /* MKFoundation */ = {
			isa = PBXNativeTarget;
			buildConfigurationList = AB544B0C15C25DD100B0B1CF /* Build configuration list for PBXNativeTarget "MKFoundation" */;
			buildPhases = (
				AB544AEA15C25DD100B0B1CF /* Sources */,
				AB544AEB15C25DD100B0B1CF /* Frameworks */,
				AB544AEC15C25DD100B0B1CF /* Resources */,
			);
			buildRules = (
			);
			dependencies = (
			);
			name = MKFoundation;
			productName = MKFoundation;
			productReference = AB544AEE15C25DD100B0B1CF /* MKFoundation.app */;
			productType = "com.apple.product-type.application";
		};
/* End PBXNativeTarget section */

/* Begin PBXProject section */
		AB544AE515C25DD100B0B1CF /* Project object */ = {
			isa = PBXProject;
			attributes = {
				CLASSPREFIX = MK;
				LastUpgradeCheck = 0450;
				ORGANIZATIONNAME = "Steinlogic Consulting and Training Pte Ltd";
			};
			buildConfigurationList = AB544AE815C25DD100B0B1CF /* Build configuration list for PBXProject "MKFoundation" */;
			compatibilityVersion = "Xcode 3.2";
			developmentRegion = English;
			hasScannedForEncodings = 0;
			knownRegions = (
				en,
			);
			mainGroup = AB544AE315C25DD100B0B1CF;
			productRefGroup = AB544AEF15C25DD100B0B1CF /* Products */;
			projectDirPath = "";
			projectRoot = "";
			targets = (
				AB544AED15C25DD100B0B1CF /* MKFoundation */,
			);
		};
/* End PBXProject section */

/* Begin PBXResourcesBuildPhase section */
		AB544AEC15C25DD100B0B1CF /* Resources */ = {
			isa = PBXResourcesBuildPhase;
			buildActionMask = 2147483647;
			files = (
				AB544AFD15C25DD100B0B1CF /* InfoPlist.strings in Resources */,
				AB544B0615C25DD100B0B1CF /* MainStoryboard.storyboard in Resources */,
			);
			runOnlyForDeploymentPostprocessing = 0;
		};
/* End PBXResourcesBuildPhase section */

/* Begin PBXSourcesBuildPhase section */
		AB544AEA15C25DD100B0B1CF /* Sources */ = {
			isa = PBXSourcesBuildPhase;
			buildActionMask = 2147483647;
			files = (
				AB544AFF15C25DD100B0B1CF /* main.m in Sources */,
				AB544B0315C25DD100B0B1CF /* MKAppDelegate.m in Sources */,
				AB544B0915C25DD100B0B1CF /* MKViewController.m in Sources */,
				AB544B1415C25DF800B0B1CF /* MKObject.m in Sources */,
				AB544B2615C25E0B00B0B1CF /* DDXMLElementAdditions.m in Sources */,
				AB544B2715C25E0B00B0B1CF /* NSString+DDXML.m in Sources */,
				AB544B2815C25E0B00B0B1CF /* DDXMLDocument.m in Sources */,
				AB544B2915C25E0B00B0B1CF /* DDXMLElement.m in Sources */,
				AB544B2A15C25E0B00B0B1CF /* DDXMLNode.m in Sources */,
				AB544B3715C2624300B0B1CF /* MKObject+XMLExtensions.m in Sources */,
				AB544B3A15C2644600B0B1CF /* MKObject+ParseExtensions.m in Sources */,
				AB544B4B15C2656900B0B1CF /* TestLeaf.m in Sources */,
				AB544B4C15C2656900B0B1CF /* TestNode.m in Sources */,
			);
			runOnlyForDeploymentPostprocessing = 0;
		};
/* End PBXSourcesBuildPhase section */

/* Begin PBXVariantGroup section */
		AB544AFB15C25DD100B0B1CF /* InfoPlist.strings */ = {
			isa = PBXVariantGroup;
			children = (
				AB544AFC15C25DD100B0B1CF /* en */,
			);
			name = InfoPlist.strings;
			sourceTree = "<group>";
		};
		AB544B0415C25DD100B0B1CF /* MainStoryboard.storyboard */ = {
			isa = PBXVariantGroup;
			children = (
				AB544B0515C25DD100B0B1CF /* en */,
			);
			name = MainStoryboard.storyboard;
			sourceTree = "<group>";
		};
/* End PBXVariantGroup section */

/* Begin XCBuildConfiguration section */
		AB544B0A15C25DD100B0B1CF /* Debug */ = {
			isa = XCBuildConfiguration;
			buildSettings = {
				ALWAYS_SEARCH_USER_PATHS = NO;
				CLANG_CXX_LANGUAGE_STANDARD = "gnu++0x";
				CLANG_ENABLE_OBJC_ARC = YES;
				CLANG_WARN__DUPLICATE_METHOD_MATCH = YES;
				"CODE_SIGN_IDENTITY[sdk=iphoneos*]" = "iPhone Developer";
				COPY_PHASE_STRIP = NO;
				GCC_C_LANGUAGE_STANDARD = gnu99;
				GCC_DYNAMIC_NO_PIC = NO;
				GCC_OPTIMIZATION_LEVEL = 0;
				GCC_PREPROCESSOR_DEFINITIONS = (
					"DEBUG=1",
					"$(inherited)",
				);
				GCC_SYMBOLS_PRIVATE_EXTERN = NO;
				GCC_WARN_ABOUT_RETURN_TYPE = YES;
				GCC_WARN_UNINITIALIZED_AUTOS = YES;
				GCC_WARN_UNUSED_VARIABLE = YES;
				IPHONEOS_DEPLOYMENT_TARGET = 6.0;
				SDKROOT = iphoneos;
			};
			name = Debug;
		};
		AB544B0B15C25DD100B0B1CF /* Release */ = {
			isa = XCBuildConfiguration;
			buildSettings = {
				ALWAYS_SEARCH_USER_PATHS = NO;
				CLANG_CXX_LANGUAGE_STANDARD = "gnu++0x";
				CLANG_ENABLE_OBJC_ARC = YES;
				CLANG_WARN__DUPLICATE_METHOD_MATCH = YES;
				"CODE_SIGN_IDENTITY[sdk=iphoneos*]" = "iPhone Developer";
				COPY_PHASE_STRIP = YES;
				GCC_C_LANGUAGE_STANDARD = gnu99;
				GCC_WARN_ABOUT_RETURN_TYPE = YES;
				GCC_WARN_UNINITIALIZED_AUTOS = YES;
				GCC_WARN_UNUSED_VARIABLE = YES;
				IPHONEOS_DEPLOYMENT_TARGET = 6.0;
				OTHER_CFLAGS = "-DNS_BLOCK_ASSERTIONS=1";
				SDKROOT = iphoneos;
				VALIDATE_PRODUCT = YES;
			};
			name = Release;
		};
		AB544B0D15C25DD100B0B1CF /* Debug */ = {
			isa = XCBuildConfiguration;
			buildSettings = {
				FRAMEWORK_SEARCH_PATHS = (
					"$(inherited)",
					"\"$(SRCROOT)\"",
				);
				GCC_PRECOMPILE_PREFIX_HEADER = YES;
				GCC_PREFIX_HEADER = "MKFoundation/MKFoundation-Prefix.pch";
				HEADER_SEARCH_PATHS = /usr/include/libxml2;
				INFOPLIST_FILE = "MKFoundation/MKFoundation-Info.plist";
				PRODUCT_NAME = "$(TARGET_NAME)";
				WRAPPER_EXTENSION = app;
			};
			name = Debug;
		};
		AB544B0E15C25DD100B0B1CF /* Release */ = {
			isa = XCBuildConfiguration;
			buildSettings = {
				FRAMEWORK_SEARCH_PATHS = (
					"$(inherited)",
					"\"$(SRCROOT)\"",
				);
				GCC_PRECOMPILE_PREFIX_HEADER = YES;
				GCC_PREFIX_HEADER = "MKFoundation/MKFoundation-Prefix.pch";
				HEADER_SEARCH_PATHS = /usr/include/libxml2;
				INFOPLIST_FILE = "MKFoundation/MKFoundation-Info.plist";
				PRODUCT_NAME = "$(TARGET_NAME)";
				WRAPPER_EXTENSION = app;
			};
			name = Release;
		};
/* End XCBuildConfiguration section */

/* Begin XCConfigurationList section */
		AB544AE815C25DD100B0B1CF /* Build configuration list for PBXProject "MKFoundation" */ = {
			isa = XCConfigurationList;
			buildConfigurations = (
				AB544B0A15C25DD100B0B1CF /* Debug */,
				AB544B0B15C25DD100B0B1CF /* Release */,
			);
			defaultConfigurationIsVisible = 0;
			defaultConfigurationName = Release;
		};
		AB544B0C15C25DD100B0B1CF /* Build configuration list for PBXNativeTarget "MKFoundation" */ = {
			isa = XCConfigurationList;
			buildConfigurations = (
				AB544B0D15C25DD100B0B1CF /* Debug */,
				AB544B0E15C25DD100B0B1CF /* Release */,
			);
			defaultConfigurationIsVisible = 0;
		};
/* End XCConfigurationList section */
	};
	rootObject = AB544AE515C25DD100B0B1CF /* Project object */;
}
